<?xml version="1.0" encoding="utf-8"?>
<Project ToolsVersion="4.0" xmlns="http://schemas.microsoft.com/developer/msbuild/2003">
  <ItemGroup>
    <Filter Include="Header Files">
      <UniqueIdentifier>{93995380-89BD-4b04-88EB-625FBE52EBFB}</UniqueIdentifier>
      <Extensions>h;hpp;hxx;hm;inl;inc;xsd</Extensions>
    </Filter>
    <Filter Include="Resource Files">
      <UniqueIdentifier>{67DA6AB6-F800-4c08-8B7A-83BB121AAD01}</UniqueIdentifier>
      <Extensions>rc;ico;cur;bmp;dlg;rc2;rct;bin;rgs;gif;jpg;jpeg;jpe;resx</Extensions>
    </Filter>
    <Filter Include="Source Files">
      <UniqueIdentifier>{4FC737F1-C7A5-4376-A066-2A32D752A2FF}</UniqueIdentifier>
      <Extensions>cpp;c;cc;cxx;def;odl;idl;hpj;bat;asm;asmx</Extensions>
    </Filter>
    <Filter Include="Binary">
      <UniqueIdentifier>{fd3e7bed-500e-405b-ab45-fc1fa900cd01}</UniqueIdentifier>
    </Filter>
  </ItemGroup>
  <ItemGroup>
    <ClInclude Include="include\AcquisitionChannel.h">
      <Filter>Header Files</Filter>
    </ClInclude>
    <ClInclude Include="include\AcquisitionGroup.h">
      <Filter>Header Files</Filter>
    </ClInclude>
    <ClInclude Include="include\AcquisitionParameters.h">
      <Filter>Header Files</Filter>
    </ClInclude>
    <ClInclude Include="include\AcquisitionSeries.h">
      <Filter>Header Files</Filter>
    </ClInclude>
    <ClInclude Include="include\ATMCD32D.H">
      <Filter>Header Files</Filter>
    </ClInclude>
    <ClInclude Include="include\Axiovert.h">
      <Filter>Header Files</Filter>
    </ClInclude>
    <ClInclude Include="include\Camera.h">
      <Filter>Header Files</Filter>
    </ClInclude>
    <ClInclude Include="include\Chamber.h">
      <Filter>Header Files</Filter>
    </ClInclude>
    <ClInclude Include="include\Changer.h">
      <Filter>Header Files</Filter>
    </ClInclude>
    <ClInclude Include="include\Channel.h">
      <Filter>Header Files</Filter>
    </ClInclude>
    <ClInclude Include="include\CImg.h">
      <Filter>Header Files</Filter>
    </ClInclude>
    <ClInclude Include="include\CMTBCOMContinualEventSink.h">
      <Filter>Header Files</Filter>
    </ClInclude>
    <ClInclude Include="include\comm.h">
      <Filter>Header Files</Filter>
    </ClInclude>
    <ClInclude Include="include\Controller.h">
      <Filter>Header Files</Filter>
    </ClInclude>
    <ClInclude Include="include\CUsbCode.h">
      <Filter>Header Files</Filter>
    </ClInclude>
    <ClInclude Include="include\DefiniteFocus.h">
      <Filter>Header Files</Filter>
    </ClInclude>
    <ClInclude Include="include\Definitions.h">
      <Filter>Header Files</Filter>
    </ClInclude>
    <ClInclude Include="include\devioctl.h">
      <Filter>Header Files</Filter>
    </ClInclude>
    <ClInclude Include="include\DG.h">
      <Filter>Header Files</Filter>
    </ClInclude>
    <ClInclude Include="include\DisplayList.h">
      <Filter>Header Files</Filter>
    </ClInclude>
    <ClInclude Include="include\Eye.h">
      <Filter>Header Files</Filter>
    </ClInclude>
    <ClInclude Include="include\Focus.h">
      <Filter>Header Files</Filter>
    </ClInclude>
    <ClInclude Include="include\FTD2XX.H">
      <Filter>Header Files</Filter>
    </ClInclude>
    <ClInclude Include="include\Galvo.h">
      <Filter>Header Files</Filter>
    </ClInclude>
    <ClInclude Include="include\GridFocus.h">
      <Filter>Header Files</Filter>
    </ClInclude>
    <ClInclude Include="include\GridScan.h">
      <Filter>Header Files</Filter>
    </ClInclude>
    <ClInclude Include="include\Image.h">
      <Filter>Header Files</Filter>
    </ClInclude>
    <ClInclude Include="include\ImageProperties.h">
      <Filter>Header Files</Filter>
    </ClInclude>
    <ClInclude Include="include\ImageRegion.h">
      <Filter>Header Files</Filter>
    </ClInclude>
    <ClInclude Include="include\Lambda10_3.h">
      <Filter>Header Files</Filter>
    </ClInclude>
    <ClInclude Include="include\Laser.h">
      <Filter>Header Files</Filter>
    </ClInclude>
    <ClInclude Include="include\Light.h">
      <Filter>Header Files</Filter>
    </ClInclude>
    <ClInclude Include="include\LightSource.h">
      <Filter>Header Files</Filter>
    </ClInclude>
    <ClInclude Include="include\Ludl.h">
      <Filter>Header Files</Filter>
    </ClInclude>
    <ClInclude Include="include\Magnification.h">
      <Filter>Header Files</Filter>
    </ClInclude>
    <ClInclude Include="include\MultiCam.h">
      <Filter>Header Files</Filter>
    </ClInclude>
    <ClInclude Include="include\NIDAQ.h">
      <Filter>Header Files</Filter>
    </ClInclude>
    <ClInclude Include="include\NIDAQmx.h">
      <Filter>Header Files</Filter>
    </ClInclude>
    <ClInclude Include="include\nr.h">
      <Filter>Header Files</Filter>
    </ClInclude>
    <ClInclude Include="include\nrtypes.h">
      <Filter>Header Files</Filter>
    </ClInclude>
    <ClInclude Include="include\nrtypes_lib.h">
      <Filter>Header Files</Filter>
    </ClInclude>
    <ClInclude Include="include\nrtypes_nr.h">
      <Filter>Header Files</Filter>
    </ClInclude>
    <ClInclude Include="include\nrutil.h">
      <Filter>Header Files</Filter>
    </ClInclude>
    <ClInclude Include="include\nrutil_nr.h">
      <Filter>Header Files</Filter>
    </ClInclude>
    <ClInclude Include="include\nrutil_tnt.h">
      <Filter>Header Files</Filter>
    </ClInclude>
    <ClInclude Include="include\nrutil_val.h">
      <Filter>Header Files</Filter>
    </ClInclude>
    <ClInclude Include="include\Objective.h">
      <Filter>Header Files</Filter>
    </ClInclude>
    <ClInclude Include="include\Observer.h">
      <Filter>Header Files</Filter>
    </ClInclude>
    <ClInclude Include="include\Optovar.h">
      <Filter>Header Files</Filter>
    </ClInclude>
    <ClInclude Include="include\OutPort.h">
      <Filter>Header Files</Filter>
    </ClInclude>
    <ClInclude Include="include\PerimeterFocus.h">
      <Filter>Header Files</Filter>
    </ClInclude>
    <ClInclude Include="include\PL32.h">
      <Filter>Header Files</Filter>
    </ClInclude>
    <ClInclude Include="include\PortTalk_IOCTL.h">
      <Filter>Header Files</Filter>
    </ClInclude>
    <ClInclude Include="include\print_array.h">
      <Filter>Header Files</Filter>
    </ClInclude>
    <ClInclude Include="include\ProtocolEric.h">
      <Filter>Header Files</Filter>
    </ClInclude>
    <ClInclude Include="include\ProtocolYing_Ja.h">
      <Filter>Header Files</Filter>
    </ClInclude>
    <ClInclude Include="include\pt_ioctl.h">
      <Filter>Header Files</Filter>
    </ClInclude>
    <ClInclude Include="include\Pump.h">
      <Filter>Header Files</Filter>
    </ClInclude>
    <ClInclude Include="include\Record.h">
      <Filter>Header Files</Filter>
    </ClInclude>
    <ClInclude Include="include\Scan.h">
      <Filter>Header Files</Filter>
    </ClInclude>
    <ClInclude Include="include\ScanFocus.h">
      <Filter>Header Files</Filter>
    </ClInclude>
    <ClInclude Include="include\ScanSpots.h">
      <Filter>Header Files</Filter>
    </ClInclude>
    <ClInclude Include="include\ScopeComm.h">
      <Filter>Header Files</Filter>
    </ClInclude>
    <ClInclude Include="include\Selection.h">
      <Filter>Header Files</Filter>
    </ClInclude>
    <ClInclude Include="include\Solution.h">
      <Filter>Header Files</Filter>
    </ClInclude>
    <ClInclude Include="include\SpotFocus.h">
      <Filter>Header Files</Filter>
    </ClInclude>
    <ClInclude Include="include\SpotSeriesScan.h">
      <Filter>Header Files</Filter>
    </ClInclude>
    <ClInclude Include="include\Syringe.h">
      <Filter>Header Files</Filter>
    </ClInclude>
    <ClInclude Include="include\TEModule.h">
      <Filter>Header Files</Filter>
    </ClInclude>
    <ClInclude Include="include\Test.h">
      <Filter>Header Files</Filter>
    </ClInclude>
    <ClInclude Include="include\Thread.h">
      <Filter>Header Files</Filter>
    </ClInclude>
    <ClInclude Include="include\ThreadList.h">
      <Filter>Header Files</Filter>
    </ClInclude>
    <ClInclude Include="include\tiff.h">
      <Filter>Header Files</Filter>
    </ClInclude>
    <ClInclude Include="include\tiffio.h">
      <Filter>Header Files</Filter>
    </ClInclude>
    <ClInclude Include="include\tiffvers.h">
      <Filter>Header Files</Filter>
    </ClInclude>
    <ClInclude Include="include\Timer.h">
      <Filter>Header Files</Filter>
    </ClInclude>
    <ClInclude Include="include\Trigger.h">
      <Filter>Header Files</Filter>
    </ClInclude>
    <ClInclude Include="include\USB.h">
      <Filter>Header Files</Filter>
    </ClInclude>
    <ClInclude Include="include\Utils.h">
      <Filter>Header Files</Filter>
    </ClInclude>
    <ClInclude Include="include\Warn.h">
      <Filter>Header Files</Filter>
    </ClInclude>
    <ClInclude Include="include\XYStage.h">
      <Filter>Header Files</Filter>
    </ClInclude>
    <ClInclude Include="include\ZStage.h">
      <Filter>Header Files</Filter>
    </ClInclude>
    <ClInclude Include="include\AndorCam.h">
      <Filter>Header Files</Filter>
    </ClInclude>
    <ClInclude Include="include\ProtocolWalsh.h">
      <Filter>Header Files</Filter>
    </ClInclude>
    <ClInclude Include="include\PowerMeter.h">
      <Filter>Header Files</Filter>
    </ClInclude>
    <ClInclude Include="include\RS232.h">
      <Filter>Header Files</Filter>
    </ClInclude>
    <ClInclude Include="include\FluidicsSetup.h">
      <Filter>Header Files</Filter>
    </ClInclude>
    <ClInclude Include="include\DaisyValve.h">
      <Filter>Header Files</Filter>
    </ClInclude>
    <ClInclude Include="include\Valve.h">
      <Filter>Header Files</Filter>
    </ClInclude>
    <ClInclude Include="include\Reagent.h">
      <Filter>Header Files</Filter>
    </ClInclude>
    <ClInclude Include="include\FlowChannel.h">
      <Filter>Header Files</Filter>
    </ClInclude>
    <ClInclude Include="include\CUsbCodeVCOM.h">
      <Filter>Header Files</Filter>
    </ClInclude>
  </ItemGroup>
  <ItemGroup>
    <Library Include="lib\ATMCD32M.LIB">
      <Filter>Resource Files</Filter>
    </Library>
    <Library Include="lib\FTD2XX.lib">
      <Filter>Resource Files</Filter>
    </Library>
    <Library Include="lib\libtiff.lib">
      <Filter>Resource Files</Filter>
    </Library>
    <Library Include="lib\NIDAQmx.lib">
      <Filter>Resource Files</Filter>
    </Library>
    <Library Include="lib\PL32.LIB">
      <Filter>Resource Files</Filter>
    </Library>
    <Library Include="lib\SetupAPI.Lib">
      <Filter>Resource Files</Filter>
    </Library>
  </ItemGroup>
  <ItemGroup>
    <None Include="lib\MTBAPI.TLB">
      <Filter>Resource Files</Filter>
    </None>
    <None Include="bin\Atmcd32d.dll">
      <Filter>Binary</Filter>
    </None>
    <None Include="bin\Detector.ini">
      <Filter>Binary</Filter>
    </None>
    <None Include="bin\FTD2XX.dll">
      <Filter>Binary</Filter>
    </None>
    <None Include="bin\jpeg62.dll">
      <Filter>Binary</Filter>
    </None>
    <None Include="bin\libtiff3.dll">
      <Filter>Binary</Filter>
    </None>
    <None Include="bin\MTBApi.dll">
      <Filter>Binary</Filter>
    </None>
    <None Include="bin\PL32.dll">
      <Filter>Binary</Filter>
    </None>
    <None Include="bin\PumpCommServer.dll">
      <Filter>Binary</Filter>
    </None>
    <None Include="bin\zlib1.dll">
      <Filter>Binary</Filter>
    </None>
  </ItemGroup>
  <ItemGroup>
    <ClCompile Include="src\AcquisitionChannel.cpp">
      <Filter>Source Files</Filter>
    </ClCompile>
    <ClCompile Include="src\AcquisitionGroup.cpp">
      <Filter>Source Files</Filter>
    </ClCompile>
    <ClCompile Include="src\AcquisitionParameters.cpp">
      <Filter>Source Files</Filter>
    </ClCompile>
    <ClCompile Include="src\AcquisitionSeries.cpp">
      <Filter>Source Files</Filter>
    </ClCompile>
    <ClCompile Include="src\Axiovert.cpp">
      <Filter>Source Files</Filter>
    </ClCompile>
    <ClCompile Include="src\Camera.cpp">
      <Filter>Source Files</Filter>
    </ClCompile>
    <ClCompile Include="src\Chamber.cpp">
      <Filter>Source Files</Filter>
    </ClCompile>
    <ClCompile Include="src\Channel.cpp">
      <Filter>Source Files</Filter>
    </ClCompile>
    <ClCompile Include="src\CMTBCOMContinualEventSink.cpp">
      <Filter>Source Files</Filter>
    </ClCompile>
    <ClCompile Include="src\Controller.cpp">
      <Filter>Source Files</Filter>
    </ClCompile>
    <ClCompile Include="src\CUsbCode.cpp">
      <Filter>Source Files</Filter>
    </ClCompile>
    <ClCompile Include="src\DefiniteFocus.cpp">
      <Filter>Source Files</Filter>
    </ClCompile>
    <ClCompile Include="src\DG.cpp">
      <Filter>Source Files</Filter>
    </ClCompile>
    <ClCompile Include="src\Focus.cpp">
      <Filter>Source Files</Filter>
    </ClCompile>
    <ClCompile Include="src\Galvo.cpp">
      <Filter>Source Files</Filter>
    </ClCompile>
    <ClCompile Include="src\GridFocus.cpp">
      <Filter>Source Files</Filter>
    </ClCompile>
    <ClCompile Include="src\ImageProperties.cpp">
      <Filter>Source Files</Filter>
    </ClCompile>
    <ClCompile Include="src\ImageRegion.cpp">
      <Filter>Source Files</Filter>
    </ClCompile>
    <ClCompile Include="src\Lambda10_3.cpp">
      <Filter>Source Files</Filter>
    </ClCompile>
    <ClCompile Include="src\Laser.cpp">
      <Filter>Source Files</Filter>
    </ClCompile>
    <ClCompile Include="src\Ludl.cpp">
      <Filter>Source Files</Filter>
    </ClCompile>
    <ClCompile Include="src\Magnification.cpp">
      <Filter>Source Files</Filter>
    </ClCompile>
    <ClCompile Include="src\MultiCam.cpp">
      <Filter>Source Files</Filter>
    </ClCompile>
    <ClCompile Include="src\NIDAQ.cpp">
      <Filter>Source Files</Filter>
    </ClCompile>
    <ClCompile Include="src\Objective.cpp">
      <Filter>Source Files</Filter>
    </ClCompile>
    <ClCompile Include="src\Observer.cpp">
      <Filter>Source Files</Filter>
    </ClCompile>
    <ClCompile Include="src\Optovar.cpp">
      <Filter>Source Files</Filter>
    </ClCompile>
    <ClCompile Include="src\OutPort.cpp">
      <Filter>Source Files</Filter>
    </ClCompile>
    <ClCompile Include="src\PerimeterFocus.cpp">
      <Filter>Source Files</Filter>
    </ClCompile>
    <ClCompile Include="src\ProtocolEric.cpp">
      <Filter>Source Files</Filter>
    </ClCompile>
    <ClCompile Include="src\ProtocolYing_Ja.cpp">
      <Filter>Source Files</Filter>
    </ClCompile>
    <ClCompile Include="src\Pump.cpp">
      <Filter>Source Files</Filter>
    </ClCompile>
    <ClCompile Include="src\Record.cpp">
      <Filter>Source Files</Filter>
    </ClCompile>
    <ClCompile Include="src\Scan.cpp">
      <Filter>Source Files</Filter>
    </ClCompile>
    <ClCompile Include="src\ScanFocus.cpp">
      <Filter>Source Files</Filter>
    </ClCompile>
    <ClCompile Include="src\ScanSpots.cpp">
      <Filter>Source Files</Filter>
    </ClCompile>
    <ClCompile Include="src\Selection.cpp">
      <Filter>Source Files</Filter>
    </ClCompile>
    <ClCompile Include="src\Solution.cpp">
      <Filter>Source Files</Filter>
    </ClCompile>
    <ClCompile Include="src\splie2.cpp">
      <Filter>Source Files</Filter>
    </ClCompile>
    <ClCompile Include="src\splin2.cpp">
      <Filter>Source Files</Filter>
    </ClCompile>
    <ClCompile Include="src\spline.cpp">
      <Filter>Source Files</Filter>
    </ClCompile>
    <ClCompile Include="src\splint.cpp">
      <Filter>Source Files</Filter>
    </ClCompile>
    <ClCompile Include="src\SpotFocus.cpp">
      <Filter>Source Files</Filter>
    </ClCompile>
    <ClCompile Include="src\SpotSeriesScan.cpp">
      <Filter>Source Files</Filter>
    </ClCompile>
    <ClCompile Include="src\Syringe.cpp">
      <Filter>Source Files</Filter>
    </ClCompile>
    <ClCompile Include="src\TEModule.cpp">
      <Filter>Source Files</Filter>
    </ClCompile>
    <ClCompile Include="src\Timer.cpp">
      <Filter>Source Files</Filter>
    </ClCompile>
    <ClCompile Include="src\Trigger.cpp">
      <Filter>Source Files</Filter>
    </ClCompile>
    <ClCompile Include="src\USB.cpp">
      <Filter>Source Files</Filter>
    </ClCompile>
    <ClCompile Include="src\Utils.cpp">
      <Filter>Source Files</Filter>
    </ClCompile>
    <ClCompile Include="src\XYStage.cpp">
      <Filter>Source Files</Filter>
    </ClCompile>
    <ClCompile Include="src\ZStage.cpp">
      <Filter>Source Files</Filter>
    </ClCompile>
    <ClCompile Include="src\AndorCam.cpp">
      <Filter>Source Files</Filter>
    </ClCompile>
    <ClCompile Include="src\ProtocolWalsh.cpp">
      <Filter>Source Files</Filter>
    </ClCompile>
    <ClCompile Include="src\PowerMeter.cpp">
      <Filter>Source Files</Filter>
    </ClCompile>
    <ClCompile Include="src\RS232.cpp">
      <Filter>Source Files</Filter>
    </ClCompile>
    <ClCompile Include="src\avevar.cpp">
      <Filter>Source Files</Filter>
    </ClCompile>
    <ClCompile Include="src\fit.cpp">
      <Filter>Source Files</Filter>
    </ClCompile>
    <ClCompile Include="src\gammq.cpp">
      <Filter>Source Files</Filter>
    </ClCompile>
    <ClCompile Include="src\gcf.cpp">
      <Filter>Source Files</Filter>
    </ClCompile>
    <ClCompile Include="src\gser.cpp">
      <Filter>Source Files</Filter>
    </ClCompile>
    <ClCompile Include="src\gammln.cpp">
      <Filter>Source Files</Filter>
    </ClCompile>
    <ClCompile Include="src\LightSource.cpp">
      <Filter>Source Files</Filter>
    </ClCompile>
    <ClCompile Include="src\FluidicsSetup.cpp">
      <Filter>Source Files</Filter>
    </ClCompile>
    <ClCompile Include="src\DaisyValve.cpp">
      <Filter>Source Files</Filter>
    </ClCompile>
    <ClCompile Include="src\Valve.cpp">
      <Filter>Source Files</Filter>
    </ClCompile>
    <ClCompile Include="src\FlowChannel.cpp">
      <Filter>Source Files</Filter>
    </ClCompile>
    <ClCompile Include="src\Reagent.cpp">
      <Filter>Source Files</Filter>
    </ClCompile>
    <ClCompile Include="src\CUsbCodeVCOM.cpp">
      <Filter>Source Files</Filter>
    </ClCompile>
  </ItemGroup>
</Project>